
Microsoft Visual Studio Solution File, Format Version 12.00
# Visual Studio Version 17
VisualStudioVersion = 17.11.35219.272
MinimumVisualStudioVersion = 10.0.40219.1
Project("{FAE04EC0-301F-11D3-BF4B-00C04F79EFBC}") = "Lab1-WebAPI_Db_Resto", "Lab1-WebAPI_Db_Resto.csproj", "{1DF78078-12BE-45EE-8440-0E103F424D0B}"
EndProject
Global
	GlobalSection(SolutionConfigurationPlatforms) = preSolution
		Debug|Any CPU = Debug|Any CPU
		Release|Any CPU = Release|Any CPU
	EndGlobalSection
	GlobalSection(ProjectConfigurationPlatforms) = postSolution
		{1DF78078-12BE-45EE-8440-0E103F424D0B}.Debug|Any CPU.ActiveCfg = Debug|Any CPU
		{1DF78078-12BE-45EE-8440-0E103F424D0B}.Debug|Any CPU.Build.0 = Debug|Any CPU
		{1DF78078-12BE-45EE-8440-0E103F424D0B}.Release|Any CPU.ActiveCfg = Release|Any CPU
		{1DF78078-12BE-45EE-8440-0E103F424D0B}.Release|Any CPU.Build.0 = Release|Any CPU
	EndGlobalSection
	GlobalSection(SolutionProperties) = preSolution
		HideSolutionNode = FALSE
	EndGlobalSection
	GlobalSection(ExtensibilityGlobals) = postSolution
		SolutionGuid = {0463C194-F9A2-4274-BDBC-984AB92C81AF}
	EndGlobalSection
EndGlobal
